
Microsoft Visual Studio Solution File, Format Version 12.00
# Visual Studio Version 17
VisualStudioVersion = 17.4.33110.190
MinimumVisualStudioVersion = 10.0.40219.1
Project("{FAE04EC0-301F-11D3-BF4B-00C04F79EFBC}") = "Task1-27-12", "Task1-27-12\Task1-27-12.csproj", "{6059C0A7-D381-4E8D-B445-20302EDCE824}"
EndProject
Global
	GlobalSection(SolutionConfigurationPlatforms) = preSolution
		Debug|Any CPU = Debug|Any CPU
		Release|Any CPU = Release|Any CPU
	EndGlobalSection
	GlobalSection(ProjectConfigurationPlatforms) = postSolution
		{6059C0A7-D381-4E8D-B445-20302EDCE824}.Debug|Any CPU.ActiveCfg = Debug|Any CPU
		{6059C0A7-D381-4E8D-B445-20302EDCE824}.Debug|Any CPU.Build.0 = Debug|Any CPU
		{6059C0A7-D381-4E8D-B445-20302EDCE824}.Release|Any CPU.ActiveCfg = Release|Any CPU
		{6059C0A7-D381-4E8D-B445-20302EDCE824}.Release|Any CPU.Build.0 = Release|Any CPU
	EndGlobalSection
	GlobalSection(SolutionProperties) = preSolution
		HideSolutionNode = FALSE
	EndGlobalSection
	GlobalSection(ExtensibilityGlobals) = postSolution
		SolutionGuid = {7E4C5157-A8C8-44B5-977B-C8A3CA2BC98F}
	EndGlobalSection
EndGlobal
